# THIS IS AN AUTOGENERATED FILE. DO NOT EDIT THIS FILE DIRECTLY.
# yarn lockfile v1


"@babel/code-frame@^7.0.0", "@babel/code-frame@^7.5.5":
  version "7.5.5"
  resolved "https://registry.npmjs.org/@babel/code-frame/-/code-frame-7.5.5.tgz#bc0782f6d69f7b7d49531219699b988f669a8f9d"
  integrity sha512-27d4lZoomVyo51VegxI20xZPuSHusqbQag/ztrBC7wegWoQ1nLREPVSKSW8byhTlzTKyNE4ifaTA6lCp7JjpFw==
  dependencies:
    "@babel/highlight" "^7.0.0"

"@babel/core@^7.6.2":
  version "7.7.2"
  resolved "https://registry.npmjs.org/@babel/core/-/core-7.7.2.tgz#ea5b99693bcfc058116f42fa1dd54da412b29d91"
  integrity sha512-eeD7VEZKfhK1KUXGiyPFettgF3m513f8FoBSWiQ1xTvl1RAopLs42Wp9+Ze911I6H0N9lNqJMDgoZT7gHsipeQ==
  dependencies:
    "@babel/code-frame" "^7.5.5"
    "@babel/generator" "^7.7.2"
    "@babel/helpers" "^7.7.0"
    "@babel/parser" "^7.7.2"
    "@babel/template" "^7.7.0"
    "@babel/traverse" "^7.7.2"
    "@babel/types" "^7.7.2"
    convert-source-map "^1.7.0"
    debug "^4.1.0"
    json5 "^2.1.0"
    lodash "^4.17.13"
    resolve "^1.3.2"
    semver "^5.4.1"
    source-map "^0.5.0"

"@babel/generator@^7.7.2":
  version "7.7.2"
  resolved "https://registry.npmjs.org/@babel/generator/-/generator-7.7.2.tgz#2f4852d04131a5e17ea4f6645488b5da66ebf3af"
  integrity sha512-WthSArvAjYLz4TcbKOi88me+KmDJdKSlfwwN8CnUYn9jBkzhq0ZEPuBfkAWIvjJ3AdEV1Cf/+eSQTnp3IDJKlQ==
  dependencies:
    "@babel/types" "^7.7.2"
    jsesc "^2.5.1"
    lodash "^4.17.13"
    source-map "^0.5.0"

"@babel/helper-annotate-as-pure@^7.0.0", "@babel/helper-annotate-as-pure@^7.7.0":
  version "7.7.0"
  resolved "https://registry.npmjs.org/@babel/helper-annotate-as-pure/-/helper-annotate-as-pure-7.7.0.tgz#efc54032d43891fe267679e63f6860aa7dbf4a5e"
  integrity sha512-k50CQxMlYTYo+GGyUGFwpxKVtxVJi9yh61sXZji3zYHccK9RYliZGSTOgci85T+r+0VFN2nWbGM04PIqwfrpMg==
  dependencies:
    "@babel/types" "^7.7.0"

"@babel/helper-builder-binary-assignment-operator-visitor@^7.1.0":
  version "7.7.0"
  resolved "https://registry.npmjs.org/@babel/helper-builder-binary-assignment-operator-visitor/-/helper-builder-binary-assignment-operator-visitor-7.7.0.tgz#32dd9551d6ed3a5fc2edc50d6912852aa18274d9"
  integrity sha512-Cd8r8zs4RKDwMG/92lpZcnn5WPQ3LAMQbCw42oqUh4s7vsSN5ANUZjMel0OOnxDLq57hoDDbai+ryygYfCTOsw==
  dependencies:
    "@babel/helper-explode-assignable-expression" "^7.7.0"
    "@babel/types" "^7.7.0"

"@babel/helper-builder-react-jsx@^7.7.0":
  version "7.7.0"
  resolved "https://registry.npmjs.org/@babel/helper-builder-react-jsx/-/helper-builder-react-jsx-7.7.0.tgz#c6b8254d305bacd62beb648e4dea7d3ed79f352d"
  integrity sha512-LSln3cexwInTMYYoFeVLKnYPPMfWNJ8PubTBs3hkh7wCu9iBaqq1OOyW+xGmEdLxT1nhsl+9SJ+h2oUDYz0l2A==
  dependencies:
    "@babel/types" "^7.7.0"
    esutils "^2.0.0"

"@babel/helper-call-delegate@^7.4.4":
  version "7.7.0"
  resolved "https://registry.npmjs.org/@babel/helper-call-delegate/-/helper-call-delegate-7.7.0.tgz#df8942452c2c1a217335ca7e393b9afc67f668dc"
  integrity sha512-Su0Mdq7uSSWGZayGMMQ+z6lnL00mMCnGAbO/R0ZO9odIdB/WNU/VfQKqMQU0fdIsxQYbRjDM4BixIa93SQIpvw==
  dependencies:
    "@babel/helper-hoist-variables" "^7.7.0"
    "@babel/traverse" "^7.7.0"
    "@babel/types" "^7.7.0"

"@babel/helper-create-class-features-plugin@^7.7.0":
  version "7.7.0"
  resolved "https://registry.npmjs.org/@babel/helper-create-class-features-plugin/-/helper-create-class-features-plugin-7.7.0.tgz#bcdc223abbfdd386f94196ae2544987f8df775e8"
  integrity sha512-MZiB5qvTWoyiFOgootmRSDV1udjIqJW/8lmxgzKq6oDqxdmHUjeP2ZUOmgHdYjmUVNABqRrHjYAYRvj8Eox/UA==
  dependencies:
    "@babel/helper-function-name" "^7.7.0"
    "@babel/helper-member-expression-to-functions" "^7.7.0"
    "@babel/helper-optimise-call-expression" "^7.7.0"
    "@babel/helper-plugin-utils" "^7.0.0"
    "@babel/helper-replace-supers" "^7.7.0"
    "@babel/helper-split-export-declaration" "^7.7.0"

"@babel/helper-create-regexp-features-plugin@^7.7.0":
  version "7.7.2"
  resolved "https://registry.npmjs.org/@babel/helper-create-regexp-features-plugin/-/helper-create-regexp-features-plugin-7.7.2.tgz#6f20443778c8fce2af2ff4206284afc0ced65db6"
  integrity sha512-pAil/ZixjTlrzNpjx+l/C/wJk002Wo7XbbZ8oujH/AoJ3Juv0iN/UTcPUHXKMFLqsfS0Hy6Aow8M31brUYBlQQ==
  dependencies:
    "@babel/helper-regex" "^7.4.4"
    regexpu-core "^4.6.0"

"@babel/helper-define-map@^7.7.0":
  version "7.7.0"
  resolved "https://registry.npmjs.org/@babel/helper-define-map/-/helper-define-map-7.7.0.tgz#60b0e9fd60def9de5054c38afde8c8ee409c7529"
  integrity sha512-kPKWPb0dMpZi+ov1hJiwse9dWweZsz3V9rP4KdytnX1E7z3cTNmFGglwklzFPuqIcHLIY3bgKSs4vkwXXdflQA==
  dependencies:
    "@babel/helper-function-name" "^7.7.0"
    "@babel/types" "^7.7.0"
    lodash "^4.17.13"

"@babel/helper-explode-assignable-expression@^7.7.0":
  version "7.7.0"
  resolved "https://registry.npmjs.org/@babel/helper-explode-assignable-expression/-/helper-explode-assignable-expression-7.7.0.tgz#db2a6705555ae1f9f33b4b8212a546bc7f9dc3ef"
  integrity sha512-CDs26w2shdD1urNUAji2RJXyBFCaR+iBEGnFz3l7maizMkQe3saVw9WtjG1tz8CwbjvlFnaSLVhgnu1SWaherg==
  dependencies:
    "@babel/traverse" "^7.7.0"
    "@babel/types" "^7.7.0"

"@babel/helper-function-name@^7.7.0":
  version "7.7.0"
  resolved "https://registry.npmjs.org/@babel/helper-function-name/-/helper-function-name-7.7.0.tgz#44a5ad151cfff8ed2599c91682dda2ec2c8430a3"
  integrity sha512-tDsJgMUAP00Ugv8O2aGEua5I2apkaQO7lBGUq1ocwN3G23JE5Dcq0uh3GvFTChPa4b40AWiAsLvCZOA2rdnQ7Q==
  dependencies:
    "@babel/helper-get-function-arity" "^7.7.0"
    "@babel/template" "^7.7.0"
    "@babel/types" "^7.7.0"

"@babel/helper-get-function-arity@^7.0.0", "@babel/helper-get-function-arity@^7.7.0":
  version "7.7.0"
  resolved "https://registry.npmjs.org/@babel/helper-get-function-arity/-/helper-get-function-arity-7.7.0.tgz#c604886bc97287a1d1398092bc666bc3d7d7aa2d"
  integrity sha512-tLdojOTz4vWcEnHWHCuPN5P85JLZWbm5Fx5ZsMEMPhF3Uoe3O7awrbM2nQ04bDOUToH/2tH/ezKEOR8zEYzqyw==
  dependencies:
    "@babel/types" "^7.7.0"

"@babel/helper-hoist-variables@^7.7.0":
  version "7.7.0"
  resolved "https://registry.npmjs.org/@babel/helper-hoist-variables/-/helper-hoist-variables-7.7.0.tgz#b4552e4cfe5577d7de7b183e193e84e4ec538c81"
  integrity sha512-LUe/92NqsDAkJjjCEWkNe+/PcpnisvnqdlRe19FahVapa4jndeuJ+FBiTX1rcAKWKcJGE+C3Q3tuEuxkSmCEiQ==
  dependencies:
    "@babel/types" "^7.7.0"

"@babel/helper-member-expression-to-functions@^7.7.0":
  version "7.7.0"
  resolved "https://registry.npmjs.org/@babel/helper-member-expression-to-functions/-/helper-member-expression-to-functions-7.7.0.tgz#472b93003a57071f95a541ea6c2b098398bcad8a"
  integrity sha512-QaCZLO2RtBcmvO/ekOLp8p7R5X2JriKRizeDpm5ChATAFWrrYDcDxPuCIBXKyBjY+i1vYSdcUTMIb8psfxHDPA==
  dependencies:
    "@babel/types" "^7.7.0"

"@babel/helper-module-imports@^7.7.0":
  version "7.7.0"
  resolved "https://registry.npmjs.org/@babel/helper-module-imports/-/helper-module-imports-7.7.0.tgz#99c095889466e5f7b6d66d98dffc58baaf42654d"
  integrity sha512-Dv3hLKIC1jyfTkClvyEkYP2OlkzNvWs5+Q8WgPbxM5LMeorons7iPP91JM+DU7tRbhqA1ZeooPaMFvQrn23RHw==
  dependencies:
    "@babel/types" "^7.7.0"

"@babel/helper-module-transforms@^7.1.0", "@babel/helper-module-transforms@^7.7.0":
  version "7.7.0"
  resolved "https://registry.npmjs.org/@babel/helper-module-transforms/-/helper-module-transforms-7.7.0.tgz#154a69f0c5b8fd4d39e49750ff7ac4faa3f36786"
  integrity sha512-rXEefBuheUYQyX4WjV19tuknrJFwyKw0HgzRwbkyTbB+Dshlq7eqkWbyjzToLrMZk/5wKVKdWFluiAsVkHXvuQ==
  dependencies:
    "@babel/helper-module-imports" "^7.7.0"
    "@babel/helper-simple-access" "^7.7.0"
    "@babel/helper-split-export-declaration" "^7.7.0"
    "@babel/template" "^7.7.0"
    "@babel/types" "^7.7.0"
    lodash "^4.17.13"

"@babel/helper-optimise-call-expression@^7.7.0":
  version "7.7.0"
  resolved "https://registry.npmjs.org/@babel/helper-optimise-call-expression/-/helper-optimise-call-expression-7.7.0.tgz#4f66a216116a66164135dc618c5d8b7a959f9365"
  integrity sha512-48TeqmbazjNU/65niiiJIJRc5JozB8acui1OS7bSd6PgxfuovWsvjfWSzlgx+gPFdVveNzUdpdIg5l56Pl5jqg==
  dependencies:
    "@babel/types" "^7.7.0"

"@babel/helper-plugin-utils@^7.0.0":
  version "7.0.0"
  resolved "https://registry.npmjs.org/@babel/helper-plugin-utils/-/helper-plugin-utils-7.0.0.tgz#bbb3fbee98661c569034237cc03967ba99b4f250"
  integrity sha512-CYAOUCARwExnEixLdB6sDm2dIJ/YgEAKDM1MOeMeZu9Ld/bDgVo8aiWrXwcY7OBh+1Ea2uUcVRcxKk0GJvW7QA==

"@babel/helper-regex@^7.0.0", "@babel/helper-regex@^7.4.4":
  version "7.5.5"
  resolved "https://registry.npmjs.org/@babel/helper-regex/-/helper-regex-7.5.5.tgz#0aa6824f7100a2e0e89c1527c23936c152cab351"
  integrity sha512-CkCYQLkfkiugbRDO8eZn6lRuR8kzZoGXCg3149iTk5se7g6qykSpy3+hELSwquhu+TgHn8nkLiBwHvNX8Hofcw==
  dependencies:
    lodash "^4.17.13"

"@babel/helper-remap-async-to-generator@^7.7.0":
  version "7.7.0"
  resolved "https://registry.npmjs.org/@babel/helper-remap-async-to-generator/-/helper-remap-async-to-generator-7.7.0.tgz#4d69ec653e8bff5bce62f5d33fc1508f223c75a7"
  integrity sha512-pHx7RN8X0UNHPB/fnuDnRXVZ316ZigkO8y8D835JlZ2SSdFKb6yH9MIYRU4fy/KPe5sPHDFOPvf8QLdbAGGiyw==
  dependencies:
    "@babel/helper-annotate-as-pure" "^7.7.0"
    "@babel/helper-wrap-function" "^7.7.0"
    "@babel/template" "^7.7.0"
    "@babel/traverse" "^7.7.0"
    "@babel/types" "^7.7.0"

"@babel/helper-replace-supers@^7.5.5", "@babel/helper-replace-supers@^7.7.0":
  version "7.7.0"
  resolved "https://registry.npmjs.org/@babel/helper-replace-supers/-/helper-replace-supers-7.7.0.tgz#d5365c8667fe7cbd13b8ddddceb9bd7f2b387512"
  integrity sha512-5ALYEul5V8xNdxEeWvRsBzLMxQksT7MaStpxjJf9KsnLxpAKBtfw5NeMKZJSYDa0lKdOcy0g+JT/f5mPSulUgg==
  dependencies:
    "@babel/helper-member-expression-to-functions" "^7.7.0"
    "@babel/helper-optimise-call-expression" "^7.7.0"
    "@babel/traverse" "^7.7.0"
    "@babel/types" "^7.7.0"

"@babel/helper-simple-access@^7.7.0":
  version "7.7.0"
  resolved "https://registry.npmjs.org/@babel/helper-simple-access/-/helper-simple-access-7.7.0.tgz#97a8b6c52105d76031b86237dc1852b44837243d"
  integrity sha512-AJ7IZD7Eem3zZRuj5JtzFAptBw7pMlS3y8Qv09vaBWoFsle0d1kAn5Wq6Q9MyBXITPOKnxwkZKoAm4bopmv26g==
  dependencies:
    "@babel/template" "^7.7.0"
    "@babel/types" "^7.7.0"

"@babel/helper-split-export-declaration@^7.7.0":
  version "7.7.0"
  resolved "https://registry.npmjs.org/@babel/helper-split-export-declaration/-/helper-split-export-declaration-7.7.0.tgz#1365e74ea6c614deeb56ebffabd71006a0eb2300"
  integrity sha512-HgYSI8rH08neWlAH3CcdkFg9qX9YsZysZI5GD8LjhQib/mM0jGOZOVkoUiiV2Hu978fRtjtsGsW6w0pKHUWtqA==
  dependencies:
    "@babel/types" "^7.7.0"

"@babel/helper-wrap-function@^7.7.0":
  version "7.7.0"
  resolved "https://registry.npmjs.org/@babel/helper-wrap-function/-/helper-wrap-function-7.7.0.tgz#15af3d3e98f8417a60554acbb6c14e75e0b33b74"
  integrity sha512-sd4QjeMgQqzshSjecZjOp8uKfUtnpmCyQhKQrVJBBgeHAB/0FPi33h3AbVlVp07qQtMD4QgYSzaMI7VwncNK/w==
  dependencies:
    "@babel/helper-function-name" "^7.7.0"
    "@babel/template" "^7.7.0"
    "@babel/traverse" "^7.7.0"
    "@babel/types" "^7.7.0"

"@babel/helpers@^7.7.0":
  version "7.7.0"
  resolved "https://registry.npmjs.org/@babel/helpers/-/helpers-7.7.0.tgz#359bb5ac3b4726f7c1fde0ec75f64b3f4275d60b"
  integrity sha512-VnNwL4YOhbejHb7x/b5F39Zdg5vIQpUUNzJwx0ww1EcVRt41bbGRZWhAURrfY32T5zTT3qwNOQFWpn+P0i0a2g==
  dependencies:
    "@babel/template" "^7.7.0"
    "@babel/traverse" "^7.7.0"
    "@babel/types" "^7.7.0"

"@babel/highlight@^7.0.0":
  version "7.5.0"
  resolved "https://registry.npmjs.org/@babel/highlight/-/highlight-7.5.0.tgz#56d11312bd9248fa619591d02472be6e8cb32540"
  integrity sha512-7dV4eu9gBxoM0dAnj/BCFDW9LFU0zvTrkq0ugM7pnHEgguOEeOz1so2ZghEdzviYzQEED0r4EAgpsBChKy1TRQ==
  dependencies:
    chalk "^2.0.0"
    esutils "^2.0.2"
    js-tokens "^4.0.0"

"@babel/parser@^7.7.0", "@babel/parser@^7.7.2":
  version "7.7.3"
  resolved "https://registry.npmjs.org/@babel/parser/-/parser-7.7.3.tgz#5fad457c2529de476a248f75b0f090b3060af043"
  integrity sha512-bqv+iCo9i+uLVbI0ILzKkvMorqxouI+GbV13ivcARXn9NNEabi2IEz912IgNpT/60BNXac5dgcfjb94NjsF33A==

"@babel/plugin-proposal-async-generator-functions@^7.7.0":
  version "7.7.0"
  resolved "https://registry.npmjs.org/@babel/plugin-proposal-async-generator-functions/-/plugin-proposal-async-generator-functions-7.7.0.tgz#83ef2d6044496b4c15d8b4904e2219e6dccc6971"
  integrity sha512-ot/EZVvf3mXtZq0Pd0+tSOfGWMizqmOohXmNZg6LNFjHOV+wOPv7BvVYh8oPR8LhpIP3ye8nNooKL50YRWxpYA==
  dependencies:
    "@babel/helper-plugin-utils" "^7.0.0"
    "@babel/helper-remap-async-to-generator" "^7.7.0"
    "@babel/plugin-syntax-async-generators" "^7.2.0"

"@babel/plugin-proposal-class-properties@^7.5.5":
  version "7.7.0"
  resolved "https://registry.npmjs.org/@babel/plugin-proposal-class-properties/-/plugin-proposal-class-properties-7.7.0.tgz#ac54e728ecf81d90e8f4d2a9c05a890457107917"
  integrity sha512-tufDcFA1Vj+eWvwHN+jvMN6QsV5o+vUlytNKrbMiCeDL0F2j92RURzUsUMWE5EJkLyWxjdUslCsMQa9FWth16A==
  dependencies:
    "@babel/helper-create-class-features-plugin" "^7.7.0"
    "@babel/helper-plugin-utils" "^7.0.0"

"@babel/plugin-proposal-dynamic-import@^7.7.0":
  version "7.7.0"
  resolved "https://registry.npmjs.org/@babel/plugin-proposal-dynamic-import/-/plugin-proposal-dynamic-import-7.7.0.tgz#dc02a8bad8d653fb59daf085516fa416edd2aa7f"
  integrity sha512-7poL3Xi+QFPC7sGAzEIbXUyYzGJwbc2+gSD0AkiC5k52kH2cqHdqxm5hNFfLW3cRSTcx9bN0Fl7/6zWcLLnKAQ==
  dependencies:
    "@babel/helper-plugin-utils" "^7.0.0"
    "@babel/plugin-syntax-dynamic-import" "^7.2.0"

"@babel/plugin-proposal-json-strings@^7.2.0":
  version "7.2.0"
  resolved "https://registry.npmjs.org/@babel/plugin-proposal-json-strings/-/plugin-proposal-json-strings-7.2.0.tgz#568ecc446c6148ae6b267f02551130891e29f317"
  integrity sha512-MAFV1CA/YVmYwZG0fBQyXhmj0BHCB5egZHCKWIFVv/XCxAeVGIHfos3SwDck4LvCllENIAg7xMKOG5kH0dzyUg==
  dependencies:
    "@babel/helper-plugin-utils" "^7.0.0"
    "@babel/plugin-syntax-json-strings" "^7.2.0"

"@babel/plugin-proposal-object-rest-spread@^7.6.2":
  version "7.6.2"
  resolved "https://registry.npmjs.org/@babel/plugin-proposal-object-rest-spread/-/plugin-proposal-object-rest-spread-7.6.2.tgz#8ffccc8f3a6545e9f78988b6bf4fe881b88e8096"
  integrity sha512-LDBXlmADCsMZV1Y9OQwMc0MyGZ8Ta/zlD9N67BfQT8uYwkRswiu2hU6nJKrjrt/58aH/vqfQlR/9yId/7A2gWw==
  dependencies:
    "@babel/helper-plugin-utils" "^7.0.0"
    "@babel/plugin-syntax-object-rest-spread" "^7.2.0"

"@babel/plugin-proposal-optional-catch-binding@^7.2.0":
  version "7.2.0"
  resolved "https://registry.npmjs.org/@babel/plugin-proposal-optional-catch-binding/-/plugin-proposal-optional-catch-binding-7.2.0.tgz#135d81edb68a081e55e56ec48541ece8065c38f5"
  integrity sha512-mgYj3jCcxug6KUcX4OBoOJz3CMrwRfQELPQ5560F70YQUBZB7uac9fqaWamKR1iWUzGiK2t0ygzjTScZnVz75g==
  dependencies:
    "@babel/helper-plugin-utils" "^7.0.0"
    "@babel/plugin-syntax-optional-catch-binding" "^7.2.0"

"@babel/plugin-proposal-unicode-property-regex@^7.7.0":
  version "7.7.0"
  resolved "https://registry.npmjs.org/@babel/plugin-proposal-unicode-property-regex/-/plugin-proposal-unicode-property-regex-7.7.0.tgz#549fe1717a1bd0a2a7e63163841cb37e78179d5d"
  integrity sha512-mk34H+hp7kRBWJOOAR0ZMGCydgKMD4iN9TpDRp3IIcbunltxEY89XSimc6WbtSLCDrwcdy/EEw7h5CFCzxTchw==
  dependencies:
    "@babel/helper-create-regexp-features-plugin" "^7.7.0"
    "@babel/helper-plugin-utils" "^7.0.0"

"@babel/plugin-syntax-async-generators@^7.2.0":
  version "7.2.0"
  resolved "https://registry.npmjs.org/@babel/plugin-syntax-async-generators/-/plugin-syntax-async-generators-7.2.0.tgz#69e1f0db34c6f5a0cf7e2b3323bf159a76c8cb7f"
  integrity sha512-1ZrIRBv2t0GSlcwVoQ6VgSLpLgiN/FVQUzt9znxo7v2Ov4jJrs8RY8tv0wvDmFN3qIdMKWrmMMW6yZ0G19MfGg==
  dependencies:
    "@babel/helper-plugin-utils" "^7.0.0"

"@babel/plugin-syntax-dynamic-import@^7.2.0":
  version "7.2.0"
  resolved "https://registry.npmjs.org/@babel/plugin-syntax-dynamic-import/-/plugin-syntax-dynamic-import-7.2.0.tgz#69c159ffaf4998122161ad8ebc5e6d1f55df8612"
  integrity sha512-mVxuJ0YroI/h/tbFTPGZR8cv6ai+STMKNBq0f8hFxsxWjl94qqhsb+wXbpNMDPU3cfR1TIsVFzU3nXyZMqyK4w==
  dependencies:
    "@babel/helper-plugin-utils" "^7.0.0"

"@babel/plugin-syntax-json-strings@^7.2.0":
  version "7.2.0"
  resolved "https://registry.npmjs.org/@babel/plugin-syntax-json-strings/-/plugin-syntax-json-strings-7.2.0.tgz#72bd13f6ffe1d25938129d2a186b11fd62951470"
  integrity sha512-5UGYnMSLRE1dqqZwug+1LISpA403HzlSfsg6P9VXU6TBjcSHeNlw4DxDx7LgpF+iKZoOG/+uzqoRHTdcUpiZNg==
  dependencies:
    "@babel/helper-plugin-utils" "^7.0.0"

"@babel/plugin-syntax-jsx@^7.2.0":
  version "7.2.0"
  resolved "https://registry.npmjs.org/@babel/plugin-syntax-jsx/-/plugin-syntax-jsx-7.2.0.tgz#0b85a3b4bc7cdf4cc4b8bf236335b907ca22e7c7"
  integrity sha512-VyN4QANJkRW6lDBmENzRszvZf3/4AXaj9YR7GwrWeeN9tEBPuXbmDYVU9bYBN0D70zCWVwUy0HWq2553VCb6Hw==
  dependencies:
    "@babel/helper-plugin-utils" "^7.0.0"

"@babel/plugin-syntax-object-rest-spread@^7.2.0":
  version "7.2.0"
  resolved "https://registry.npmjs.org/@babel/plugin-syntax-object-rest-spread/-/plugin-syntax-object-rest-spread-7.2.0.tgz#3b7a3e733510c57e820b9142a6579ac8b0dfad2e"
  integrity sha512-t0JKGgqk2We+9may3t0xDdmneaXmyxq0xieYcKHxIsrJO64n1OiMWNUtc5gQK1PA0NpdCRrtZp4z+IUaKugrSA==
  dependencies:
    "@babel/helper-plugin-utils" "^7.0.0"

"@babel/plugin-syntax-optional-catch-binding@^7.2.0":
  version "7.2.0"
  resolved "https://registry.npmjs.org/@babel/plugin-syntax-optional-catch-binding/-/plugin-syntax-optional-catch-binding-7.2.0.tgz#a94013d6eda8908dfe6a477e7f9eda85656ecf5c"
  integrity sha512-bDe4xKNhb0LI7IvZHiA13kff0KEfaGX/Hv4lMA9+7TEc63hMNvfKo6ZFpXhKuEp+II/q35Gc4NoMeDZyaUbj9w==
  dependencies:
    "@babel/helper-plugin-utils" "^7.0.0"

"@babel/plugin-syntax-top-level-await@^7.7.0":
  version "7.7.0"
  resolved "https://registry.npmjs.org/@babel/plugin-syntax-top-level-await/-/plugin-syntax-top-level-await-7.7.0.tgz#f5699549f50bbe8d12b1843a4e82f0a37bb65f4d"
  integrity sha512-hi8FUNiFIY1fnUI2n1ViB1DR0R4QeK4iHcTlW6aJkrPoTdb8Rf1EMQ6GT3f67DDkYyWgew9DFoOZ6gOoEsdzTA==
  dependencies:
    "@babel/helper-plugin-utils" "^7.0.0"

"@babel/plugin-transform-arrow-functions@^7.2.0":
  version "7.2.0"
  resolved "https://registry.npmjs.org/@babel/plugin-transform-arrow-functions/-/plugin-transform-arrow-functions-7.2.0.tgz#9aeafbe4d6ffc6563bf8f8372091628f00779550"
  integrity sha512-ER77Cax1+8/8jCB9fo4Ud161OZzWN5qawi4GusDuRLcDbDG+bIGYY20zb2dfAFdTRGzrfq2xZPvF0R64EHnimg==
  dependencies:
    "@babel/helper-plugin-utils" "^7.0.0"

"@babel/plugin-transform-async-to-generator@^7.7.0":
  version "7.7.0"
  resolved "https://registry.npmjs.org/@babel/plugin-transform-async-to-generator/-/plugin-transform-async-to-generator-7.7.0.tgz#e2b84f11952cf5913fe3438b7d2585042772f492"
  integrity sha512-vLI2EFLVvRBL3d8roAMqtVY0Bm9C1QzLkdS57hiKrjUBSqsQYrBsMCeOg/0KK7B0eK9V71J5mWcha9yyoI2tZw==
  dependencies:
    "@babel/helper-module-imports" "^7.7.0"
    "@babel/helper-plugin-utils" "^7.0.0"
    "@babel/helper-remap-async-to-generator" "^7.7.0"

"@babel/plugin-transform-block-scoped-functions@^7.2.0":
  version "7.2.0"
  resolved "https://registry.npmjs.org/@babel/plugin-transform-block-scoped-functions/-/plugin-transform-block-scoped-functions-7.2.0.tgz#5d3cc11e8d5ddd752aa64c9148d0db6cb79fd190"
  integrity sha512-ntQPR6q1/NKuphly49+QiQiTN0O63uOwjdD6dhIjSWBI5xlrbUFh720TIpzBhpnrLfv2tNH/BXvLIab1+BAI0w==
  dependencies:
    "@babel/helper-plugin-utils" "^7.0.0"

"@babel/plugin-transform-block-scoping@^7.6.3":
  version "7.6.3"
  resolved "https://registry.npmjs.org/@babel/plugin-transform-block-scoping/-/plugin-transform-block-scoping-7.6.3.tgz#6e854e51fbbaa84351b15d4ddafe342f3a5d542a"
  integrity sha512-7hvrg75dubcO3ZI2rjYTzUrEuh1E9IyDEhhB6qfcooxhDA33xx2MasuLVgdxzcP6R/lipAC6n9ub9maNW6RKdw==
  dependencies:
    "@babel/helper-plugin-utils" "^7.0.0"
    lodash "^4.17.13"

"@babel/plugin-transform-classes@^7.7.0":
  version "7.7.0"
  resolved "https://registry.npmjs.org/@babel/plugin-transform-classes/-/plugin-transform-classes-7.7.0.tgz#b411ecc1b8822d24b81e5d184f24149136eddd4a"
  integrity sha512-/b3cKIZwGeUesZheU9jNYcwrEA7f/Bo4IdPmvp7oHgvks2majB5BoT5byAql44fiNQYOPzhk2w8DbgfuafkMoA==
  dependencies:
    "@babel/helper-annotate-as-pure" "^7.7.0"
    "@babel/helper-define-map" "^7.7.0"
    "@babel/helper-function-name" "^7.7.0"
    "@babel/helper-optimise-call-expression" "^7.7.0"
    "@babel/helper-plugin-utils" "^7.0.0"
    "@babel/helper-replace-supers" "^7.7.0"
    "@babel/helper-split-export-declaration" "^7.7.0"
    globals "^11.1.0"

"@babel/plugin-transform-computed-properties@^7.2.0":
  version "7.2.0"
  resolved "https://registry.npmjs.org/@babel/plugin-transform-computed-properties/-/plugin-transform-computed-properties-7.2.0.tgz#83a7df6a658865b1c8f641d510c6f3af220216da"
  integrity sha512-kP/drqTxY6Xt3NNpKiMomfgkNn4o7+vKxK2DDKcBG9sHj51vHqMBGy8wbDS/J4lMxnqs153/T3+DmCEAkC5cpA==
  dependencies:
    "@babel/helper-plugin-utils" "^7.0.0"

"@babel/plugin-transform-destructuring@^7.6.0":
  version "7.6.0"
  resolved "https://registry.npmjs.org/@babel/plugin-transform-destructuring/-/plugin-transform-destructuring-7.6.0.tgz#44bbe08b57f4480094d57d9ffbcd96d309075ba6"
  integrity sha512-2bGIS5P1v4+sWTCnKNDZDxbGvEqi0ijeqM/YqHtVGrvG2y0ySgnEEhXErvE9dA0bnIzY9bIzdFK0jFA46ASIIQ==
  dependencies:
    "@babel/helper-plugin-utils" "^7.0.0"

"@babel/plugin-transform-dotall-regex@^7.7.0":
  version "7.7.0"
  resolved "https://registry.npmjs.org/@babel/plugin-transform-dotall-regex/-/plugin-transform-dotall-regex-7.7.0.tgz#c5c9ecacab3a5e0c11db6981610f0c32fd698b3b"
  integrity sha512-3QQlF7hSBnSuM1hQ0pS3pmAbWLax/uGNCbPBND9y+oJ4Y776jsyujG2k0Sn2Aj2a0QwVOiOFL5QVPA7spjvzSA==
  dependencies:
    "@babel/helper-create-regexp-features-plugin" "^7.7.0"
    "@babel/helper-plugin-utils" "^7.0.0"

"@babel/plugin-transform-duplicate-keys@^7.5.0":
  version "7.5.0"
  resolved "https://registry.npmjs.org/@babel/plugin-transform-duplicate-keys/-/plugin-transform-duplicate-keys-7.5.0.tgz#c5dbf5106bf84cdf691222c0974c12b1df931853"
  integrity sha512-igcziksHizyQPlX9gfSjHkE2wmoCH3evvD2qR5w29/Dk0SMKE/eOI7f1HhBdNhR/zxJDqrgpoDTq5YSLH/XMsQ==
  dependencies:
    "@babel/helper-plugin-utils" "^7.0.0"

"@babel/plugin-transform-exponentiation-operator@^7.2.0":
  version "7.2.0"
  resolved "https://registry.npmjs.org/@babel/plugin-transform-exponentiation-operator/-/plugin-transform-exponentiation-operator-7.2.0.tgz#a63868289e5b4007f7054d46491af51435766008"
  integrity sha512-umh4hR6N7mu4Elq9GG8TOu9M0bakvlsREEC+ialrQN6ABS4oDQ69qJv1VtR3uxlKMCQMCvzk7vr17RHKcjx68A==
  dependencies:
    "@babel/helper-builder-binary-assignment-operator-visitor" "^7.1.0"
    "@babel/helper-plugin-utils" "^7.0.0"

"@babel/plugin-transform-for-of@^7.4.4":
  version "7.4.4"
  resolved "https://registry.npmjs.org/@babel/plugin-transform-for-of/-/plugin-transform-for-of-7.4.4.tgz#0267fc735e24c808ba173866c6c4d1440fc3c556"
  integrity sha512-9T/5Dlr14Z9TIEXLXkt8T1DU7F24cbhwhMNUziN3hB1AXoZcdzPcTiKGRn/6iOymDqtTKWnr/BtRKN9JwbKtdQ==
  dependencies:
    "@babel/helper-plugin-utils" "^7.0.0"

"@babel/plugin-transform-function-name@^7.7.0":
  version "7.7.0"
  resolved "https://registry.npmjs.org/@babel/plugin-transform-function-name/-/plugin-transform-function-name-7.7.0.tgz#0fa786f1eef52e3b7d4fc02e54b2129de8a04c2a"
  integrity sha512-P5HKu0d9+CzZxP5jcrWdpe7ZlFDe24bmqP6a6X8BHEBl/eizAsY8K6LX8LASZL0Jxdjm5eEfzp+FIrxCm/p8bA==
  dependencies:
    "@babel/helper-function-name" "^7.7.0"
    "@babel/helper-plugin-utils" "^7.0.0"

"@babel/plugin-transform-literals@^7.2.0":
  version "7.2.0"
  resolved "https://registry.npmjs.org/@babel/plugin-transform-literals/-/plugin-transform-literals-7.2.0.tgz#690353e81f9267dad4fd8cfd77eafa86aba53ea1"
  integrity sha512-2ThDhm4lI4oV7fVQ6pNNK+sx+c/GM5/SaML0w/r4ZB7sAneD/piDJtwdKlNckXeyGK7wlwg2E2w33C/Hh+VFCg==
  dependencies:
    "@babel/helper-plugin-utils" "^7.0.0"

"@babel/plugin-transform-member-expression-literals@^7.2.0":
  version "7.2.0"
  resolved "https://registry.npmjs.org/@babel/plugin-transform-member-expression-literals/-/plugin-transform-member-expression-literals-7.2.0.tgz#fa10aa5c58a2cb6afcf2c9ffa8cb4d8b3d489a2d"
  integrity sha512-HiU3zKkSU6scTidmnFJ0bMX8hz5ixC93b4MHMiYebmk2lUVNGOboPsqQvx5LzooihijUoLR/v7Nc1rbBtnc7FA==
  dependencies:
    "@babel/helper-plugin-utils" "^7.0.0"

"@babel/plugin-transform-modules-amd@^7.5.0":
  version "7.5.0"
  resolved "https://registry.npmjs.org/@babel/plugin-transform-modules-amd/-/plugin-transform-modules-amd-7.5.0.tgz#ef00435d46da0a5961aa728a1d2ecff063e4fb91"
  integrity sha512-n20UsQMKnWrltocZZm24cRURxQnWIvsABPJlw/fvoy9c6AgHZzoelAIzajDHAQrDpuKFFPPcFGd7ChsYuIUMpg==
  dependencies:
    "@babel/helper-module-transforms" "^7.1.0"
    "@babel/helper-plugin-utils" "^7.0.0"
    babel-plugin-dynamic-import-node "^2.3.0"

"@babel/plugin-transform-modules-commonjs@^7.7.0":
  version "7.7.0"
  resolved "https://registry.npmjs.org/@babel/plugin-transform-modules-commonjs/-/plugin-transform-modules-commonjs-7.7.0.tgz#3e5ffb4fd8c947feede69cbe24c9554ab4113fe3"
  integrity sha512-KEMyWNNWnjOom8vR/1+d+Ocz/mILZG/eyHHO06OuBQ2aNhxT62fr4y6fGOplRx+CxCSp3IFwesL8WdINfY/3kg==
  dependencies:
    "@babel/helper-module-transforms" "^7.7.0"
    "@babel/helper-plugin-utils" "^7.0.0"
    "@babel/helper-simple-access" "^7.7.0"
    babel-plugin-dynamic-import-node "^2.3.0"

"@babel/plugin-transform-modules-systemjs@^7.7.0":
  version "7.7.0"
  resolved "https://registry.npmjs.org/@babel/plugin-transform-modules-systemjs/-/plugin-transform-modules-systemjs-7.7.0.tgz#9baf471213af9761c1617bb12fd278e629041417"
  integrity sha512-ZAuFgYjJzDNv77AjXRqzQGlQl4HdUM6j296ee4fwKVZfhDR9LAGxfvXjBkb06gNETPnN0sLqRm9Gxg4wZH6dXg==
  dependencies:
    "@babel/helper-hoist-variables" "^7.7.0"
    "@babel/helper-plugin-utils" "^7.0.0"
    babel-plugin-dynamic-import-node "^2.3.0"

"@babel/plugin-transform-modules-umd@^7.7.0":
  version "7.7.0"
  resolved "https://registry.npmjs.org/@babel/plugin-transform-modules-umd/-/plugin-transform-modules-umd-7.7.0.tgz#d62c7da16670908e1d8c68ca0b5d4c0097b69966"
  integrity sha512-u7eBA03zmUswQ9LQ7Qw0/ieC1pcAkbp5OQatbWUzY1PaBccvuJXUkYzoN1g7cqp7dbTu6Dp9bXyalBvD04AANA==
  dependencies:
    "@babel/helper-module-transforms" "^7.7.0"
    "@babel/helper-plugin-utils" "^7.0.0"

"@babel/plugin-transform-named-capturing-groups-regex@^7.7.0":
  version "7.7.0"
  resolved "https://registry.npmjs.org/@babel/plugin-transform-named-capturing-groups-regex/-/plugin-transform-named-capturing-groups-regex-7.7.0.tgz#358e6fd869b9a4d8f5cbc79e4ed4fc340e60dcaf"
  integrity sha512-+SicSJoKouPctL+j1pqktRVCgy+xAch1hWWTMy13j0IflnyNjaoskj+DwRQFimHbLqO3sq2oN2CXMvXq3Bgapg==
  dependencies:
    "@babel/helper-create-regexp-features-plugin" "^7.7.0"

"@babel/plugin-transform-new-target@^7.4.4":
  version "7.4.4"
  resolved "https://registry.npmjs.org/@babel/plugin-transform-new-target/-/plugin-transform-new-target-7.4.4.tgz#18d120438b0cc9ee95a47f2c72bc9768fbed60a5"
  integrity sha512-r1z3T2DNGQwwe2vPGZMBNjioT2scgWzK9BCnDEh+46z8EEwXBq24uRzd65I7pjtugzPSj921aM15RpESgzsSuA==
